// !$*UTF8*$!
{
	archiveVersion = 1;
	classes = {
	};
	objectVersion = 56;
	objects = {

/* Begin PBXBuildFile section */
		6386E7CD6B19816D806ACB65 /* Pods_url_session.framework in Frameworks */ = {isa = PBXBuildFile; fileRef = A17112D0A1F3559851DA274F /* Pods_url_session.framework */; };
		EE1D5B9C2A1113BB00EDB3BB /* Database.swift in Sources */ = {isa = PBXBuildFile; fileRef = EE1D5B9B2A1113BB00EDB3BB /* Database.swift */; };
		EEAD7F3B2A118920008A4038 /* CoreData.framework in Frameworks */ = {isa = PBXBuildFile; fileRef = EEAD7F3A2A118920008A4038 /* CoreData.framework */; };
		EEAD7F3E2A118972008A4038 /* EmployeeModel.xcdatamodeld in Sources */ = {isa = PBXBuildFile; fileRef = EEAD7F3C2A118972008A4038 /* EmployeeModel.xcdatamodeld */; };
		EEAD7F402A11B31B008A4038 /* AddViewController.swift in Sources */ = {isa = PBXBuildFile; fileRef = EEAD7F3F2A11B31B008A4038 /* AddViewController.swift */; };
		EEAD7F422A11B39E008A4038 /* EmployeeDelegate.swift in Sources */ = {isa = PBXBuildFile; fileRef = EEAD7F412A11B39E008A4038 /* EmployeeDelegate.swift */; };
		EEBCA4EC2A0CC2F300CE86E3 /* AppDelegate.swift in Sources */ = {isa = PBXBuildFile; fileRef = EEBCA4EB2A0CC2F300CE86E3 /* AppDelegate.swift */; };
		EEBCA4EE2A0CC2F300CE86E3 /* SceneDelegate.swift in Sources */ = {isa = PBXBuildFile; fileRef = EEBCA4ED2A0CC2F300CE86E3 /* SceneDelegate.swift */; };
		EEBCA4F02A0CC2F300CE86E3 /* ViewController.swift in Sources */ = {isa = PBXBuildFile; fileRef = EEBCA4EF2A0CC2F300CE86E3 /* ViewController.swift */; };
		EEBCA4F32A0CC2F300CE86E3 /* Main.storyboard in Resources */ = {isa = PBXBuildFile; fileRef = EEBCA4F12A0CC2F300CE86E3 /* Main.storyboard */; };
		EEBCA4F52A0CC2F500CE86E3 /* Assets.xcassets in Resources */ = {isa = PBXBuildFile; fileRef = EEBCA4F42A0CC2F500CE86E3 /* Assets.xcassets */; };
		EEBCA4F82A0CC2F500CE86E3 /* LaunchScreen.storyboard in Resources */ = {isa = PBXBuildFile; fileRef = EEBCA4F62A0CC2F500CE86E3 /* LaunchScreen.storyboard */; };
		EEBCA5002A0CD47800CE86E3 /* Employee.swift in Sources */ = {isa = PBXBuildFile; fileRef = EEBCA4FF2A0CD47800CE86E3 /* Employee.swift */; };
		EEBCA5022A0CD63E00CE86E3 /* DetailsViewController.swift in Sources */ = {isa = PBXBuildFile; fileRef = EEBCA5012A0CD63E00CE86E3 /* DetailsViewController.swift */; };
		EED1F4222A14BD6000ECE846 /* Localizable.strings in Resources */ = {isa = PBXBuildFile; fileRef = EED1F4242A14BD6000ECE846 /* Localizable.strings */; };
/* End PBXBuildFile section */

/* Begin PBXFileReference section */
		317DC032F6CE2323BBE4E32E /* Pods-url session.release.xcconfig */ = {isa = PBXFileReference; includeInIndex = 1; lastKnownFileType = text.xcconfig; name = "Pods-url session.release.xcconfig"; path = "Target Support Files/Pods-url session/Pods-url session.release.xcconfig"; sourceTree = "<group>"; };
		8AE12399DF965B1F74AAAA34 /* Pods-url session.debug.xcconfig */ = {isa = PBXFileReference; includeInIndex = 1; lastKnownFileType = text.xcconfig; name = "Pods-url session.debug.xcconfig"; path = "Target Support Files/Pods-url session/Pods-url session.debug.xcconfig"; sourceTree = "<group>"; };
		A17112D0A1F3559851DA274F /* Pods_url_session.framework */ = {isa = PBXFileReference; explicitFileType = wrapper.framework; includeInIndex = 0; path = Pods_url_session.framework; sourceTree = BUILT_PRODUCTS_DIR; };
		EE1D5B9B2A1113BB00EDB3BB /* Database.swift */ = {isa = PBXFileReference; lastKnownFileType = sourcecode.swift; path = Database.swift; sourceTree = "<group>"; };
		EE1D5B9E2A1117EA00EDB3BB /* libsqlite3.tbd */ = {isa = PBXFileReference; lastKnownFileType = "sourcecode.text-based-dylib-definition"; name = libsqlite3.tbd; path = usr/lib/libsqlite3.tbd; sourceTree = SDKROOT; };
		EEAD7F3A2A118920008A4038 /* CoreData.framework */ = {isa = PBXFileReference; lastKnownFileType = wrapper.framework; name = CoreData.framework; path = System/Library/Frameworks/CoreData.framework; sourceTree = SDKROOT; };
		EEAD7F3D2A118972008A4038 /* EmployeeModel.xcdatamodel */ = {isa = PBXFileReference; lastKnownFileType = wrapper.xcdatamodel; path = EmployeeModel.xcdatamodel; sourceTree = "<group>"; };
		EEAD7F3F2A11B31B008A4038 /* AddViewController.swift */ = {isa = PBXFileReference; lastKnownFileType = sourcecode.swift; path = AddViewController.swift; sourceTree = "<group>"; };
		EEAD7F412A11B39E008A4038 /* EmployeeDelegate.swift */ = {isa = PBXFileReference; lastKnownFileType = sourcecode.swift; path = EmployeeDelegate.swift; sourceTree = "<group>"; };
		EEBCA4E82A0CC2F300CE86E3 /* url session.app */ = {isa = PBXFileReference; explicitFileType = wrapper.application; includeInIndex = 0; path = "url session.app"; sourceTree = BUILT_PRODUCTS_DIR; };
		EEBCA4EB2A0CC2F300CE86E3 /* AppDelegate.swift */ = {isa = PBXFileReference; lastKnownFileType = sourcecode.swift; path = AppDelegate.swift; sourceTree = "<group>"; };
		EEBCA4ED2A0CC2F300CE86E3 /* SceneDelegate.swift */ = {isa = PBXFileReference; lastKnownFileType = sourcecode.swift; path = SceneDelegate.swift; sourceTree = "<group>"; };
		EEBCA4EF2A0CC2F300CE86E3 /* ViewController.swift */ = {isa = PBXFileReference; lastKnownFileType = sourcecode.swift; path = ViewController.swift; sourceTree = "<group>"; };
		EEBCA4F22A0CC2F300CE86E3 /* Base */ = {isa = PBXFileReference; lastKnownFileType = file.storyboard; name = Base; path = Base.lproj/Main.storyboard; sourceTree = "<group>"; };
		EEBCA4F42A0CC2F500CE86E3 /* Assets.xcassets */ = {isa = PBXFileReference; lastKnownFileType = folder.assetcatalog; path = Assets.xcassets; sourceTree = "<group>"; };
		EEBCA4F72A0CC2F500CE86E3 /* Base */ = {isa = PBXFileReference; lastKnownFileType = file.storyboard; name = Base; path = Base.lproj/LaunchScreen.storyboard; sourceTree = "<group>"; };
		EEBCA4F92A0CC2F500CE86E3 /* Info.plist */ = {isa = PBXFileReference; lastKnownFileType = text.plist.xml; path = Info.plist; sourceTree = "<group>"; };
		EEBCA4FF2A0CD47800CE86E3 /* Employee.swift */ = {isa = PBXFileReference; lastKnownFileType = sourcecode.swift; path = Employee.swift; sourceTree = "<group>"; };
		EEBCA5012A0CD63E00CE86E3 /* DetailsViewController.swift */ = {isa = PBXFileReference; lastKnownFileType = sourcecode.swift; path = DetailsViewController.swift; sourceTree = "<group>"; };
		EED1F4252A14BD8800ECE846 /* ar */ = {isa = PBXFileReference; lastKnownFileType = text.plist.strings; name = ar; path = ar.lproj/Main.strings; sourceTree = "<group>"; };
		EED1F4262A14BD8800ECE846 /* ar */ = {isa = PBXFileReference; lastKnownFileType = text.plist.strings; name = ar; path = ar.lproj/LaunchScreen.strings; sourceTree = "<group>"; };
		EED1F4272A14BD8800ECE846 /* ar */ = {isa = PBXFileReference; lastKnownFileType = text.plist.strings; name = ar; path = ar.lproj/Localizable.strings; sourceTree = "<group>"; };
		EED1F4282A14C91D00ECE846 /* en */ = {isa = PBXFileReference; lastKnownFileType = text.plist.strings; name = en; path = en.lproj/Localizable.strings; sourceTree = "<group>"; };
/* End PBXFileReference section */

/* Begin PBXFrameworksBuildPhase section */
		EEBCA4E52A0CC2F300CE86E3 /* Frameworks */ = {
			isa = PBXFrameworksBuildPhase;
			buildActionMask = 2147483647;
			files = (
				6386E7CD6B19816D806ACB65 /* Pods_url_session.framework in Frameworks */,
				EEAD7F3B2A118920008A4038 /* CoreData.framework in Frameworks */,
			);
			runOnlyForDeploymentPostprocessing = 0;
		};
/* End PBXFrameworksBuildPhase section */

/* Begin PBXGroup section */
		C8129D751734E7439598E8F8 /* Pods */ = {
			isa = PBXGroup;
			children = (
				8AE12399DF965B1F74AAAA34 /* Pods-url session.debug.xcconfig */,
				317DC032F6CE2323BBE4E32E /* Pods-url session.release.xcconfig */,
			);
			path = Pods;
			sourceTree = "<group>";
		};
		EE1D5B9D2A1117EA00EDB3BB /* Frameworks */ = {
			isa = PBXGroup;
			children = (
				EEAD7F3A2A118920008A4038 /* CoreData.framework */,
				EE1D5B9E2A1117EA00EDB3BB /* libsqlite3.tbd */,
				A17112D0A1F3559851DA274F /* Pods_url_session.framework */,
			);
			name = Frameworks;
			sourceTree = "<group>";
		};
		EEBCA4DF2A0CC2F200CE86E3 = {
			isa = PBXGroup;
			children = (
				EEBCA4EA2A0CC2F300CE86E3 /* url session */,
				EEBCA4E92A0CC2F300CE86E3 /* Products */,
				EE1D5B9D2A1117EA00EDB3BB /* Frameworks */,
				C8129D751734E7439598E8F8 /* Pods */,
			);
			sourceTree = "<group>";
		};
		EEBCA4E92A0CC2F300CE86E3 /* Products */ = {
			isa = PBXGroup;
			children = (
				EEBCA4E82A0CC2F300CE86E3 /* url session.app */,
			);
			name = Products;
			sourceTree = "<group>";
		};
		EEBCA4EA2A0CC2F300CE86E3 /* url session */ = {
			isa = PBXGroup;
			children = (
				EEBCA4EB2A0CC2F300CE86E3 /* AppDelegate.swift */,
				EEBCA4ED2A0CC2F300CE86E3 /* SceneDelegate.swift */,
				EEBCA4EF2A0CC2F300CE86E3 /* ViewController.swift */,
				EEBCA4F12A0CC2F300CE86E3 /* Main.storyboard */,
				EEBCA4F42A0CC2F500CE86E3 /* Assets.xcassets */,
				EEBCA4F62A0CC2F500CE86E3 /* LaunchScreen.storyboard */,
				EEBCA4F92A0CC2F500CE86E3 /* Info.plist */,
				EEBCA4FF2A0CD47800CE86E3 /* Employee.swift */,
				EEBCA5012A0CD63E00CE86E3 /* DetailsViewController.swift */,
				EE1D5B9B2A1113BB00EDB3BB /* Database.swift */,
				EEAD7F3C2A118972008A4038 /* EmployeeModel.xcdatamodeld */,
				EEAD7F3F2A11B31B008A4038 /* AddViewController.swift */,
				EEAD7F412A11B39E008A4038 /* EmployeeDelegate.swift */,
				EED1F4242A14BD6000ECE846 /* Localizable.strings */,
			);
			path = "url session";
			sourceTree = "<group>";
		};
/* End PBXGroup section */

/* Begin PBXNativeTarget section */
		EEBCA4E72A0CC2F300CE86E3 /* url session */ = {
			isa = PBXNativeTarget;
			buildConfigurationList = EEBCA4FC2A0CC2F500CE86E3 /* Build configuration list for PBXNativeTarget "url session" */;
			buildPhases = (
				68724AA7AB64519BA8ECABD2 /* [CP] Check Pods Manifest.lock */,
				EEBCA4E42A0CC2F300CE86E3 /* Sources */,
				EEBCA4E52A0CC2F300CE86E3 /* Frameworks */,
				EEBCA4E62A0CC2F300CE86E3 /* Resources */,
				F56B7F398090286C06E41128 /* [CP] Embed Pods Frameworks */,
			);
			buildRules = (
			);
			dependencies = (
			);
			name = "url session";
			productName = "url session";
			productReference = EEBCA4E82A0CC2F300CE86E3 /* url session.app */;
			productType = "com.apple.product-type.application";
		};
/* End PBXNativeTarget section */

/* Begin PBXProject section */
		EEBCA4E02A0CC2F200CE86E3 /* Project object */ = {
			isa = PBXProject;
			attributes = {
				BuildIndependentTargetsInParallel = 1;
				LastSwiftUpdateCheck = 1430;
				LastUpgradeCheck = 1430;
				TargetAttributes = {
					EEBCA4E72A0CC2F300CE86E3 = {
						CreatedOnToolsVersion = 14.3;
					};
				};
			};
			buildConfigurationList = EEBCA4E32A0CC2F200CE86E3 /* Build configuration list for PBXProject "url session" */;
			compatibilityVersion = "Xcode 14.0";
			developmentRegion = en;
			hasScannedForEncodings = 0;
			knownRegions = (
				en,
				Base,
				ar,
			);
			mainGroup = EEBCA4DF2A0CC2F200CE86E3;
			productRefGroup = EEBCA4E92A0CC2F300CE86E3 /* Products */;
			projectDirPath = "";
			projectRoot = "";
			targets = (
				EEBCA4E72A0CC2F300CE86E3 /* url session */,
			);
		};
/* End PBXProject section */

/* Begin PBXResourcesBuildPhase section */
		EEBCA4E62A0CC2F300CE86E3 /* Resources */ = {
			isa = PBXResourcesBuildPhase;
			buildActionMask = 2147483647;
			files = (
				EEBCA4F82A0CC2F500CE86E3 /* LaunchScreen.storyboard in Resources */,
				EED1F4222A14BD6000ECE846 /* Localizable.strings in Resources */,
				EEBCA4F52A0CC2F500CE86E3 /* Assets.xcassets in Resources */,
				EEBCA4F32A0CC2F300CE86E3 /* Main.storyboard in Resources */,
			);
			runOnlyForDeploymentPostprocessing = 0;
		};
/* End PBXResourcesBuildPhase section */

/* Begin PBXShellScriptBuildPhase section */
		68724AA7AB64519BA8ECABD2 /* [CP] Check Pods Manifest.lock */ = {
			isa = PBXShellScriptBuildPhase;
			buildActionMask = 2147483647;
			files = (
			);
			inputFileListPaths = (
			);
			inputPaths = (
				"${PODS_PODFILE_DIR_PATH}/Podfile.lock",
				"${PODS_ROOT}/Manifest.lock",
			);
			name = "[CP] Check Pods Manifest.lock";
			outputFileListPaths = (
			);
			outputPaths = (
				"$(DERIVED_FILE_DIR)/Pods-url session-checkManifestLockResult.txt",
			);
			runOnlyForDeploymentPostprocessing = 0;
			shellPath = /bin/sh;
			shellScript = "diff \"${PODS_PODFILE_DIR_PATH}/Podfile.lock\" \"${PODS_ROOT}/Manifest.lock\" > /dev/null\nif [ $? != 0 ] ; then\n    # print error to STDERR\n    echo \"error: The sandbox is not in sync with the Podfile.lock. Run 'pod install' or update your CocoaPods installation.\" >&2\n    exit 1\nfi\n# This output is used by Xcode 'outputs' to avoid re-running this script phase.\necho \"SUCCESS\" > \"${SCRIPT_OUTPUT_FILE_0}\"\n";
			showEnvVarsInLog = 0;
		};
		F56B7F398090286C06E41128 /* [CP] Embed Pods Frameworks */ = {
			isa = PBXShellScriptBuildPhase;
			buildActionMask = 2147483647;
			files = (
			);
			inputFileListPaths = (
				"${PODS_ROOT}/Target Support Files/Pods-url session/Pods-url session-frameworks-${CONFIGURATION}-input-files.xcfilelist",
			);
			name = "[CP] Embed Pods Frameworks";
			outputFileListPaths = (
				"${PODS_ROOT}/Target Support Files/Pods-url session/Pods-url session-frameworks-${CONFIGURATION}-output-files.xcfilelist",
			);
			runOnlyForDeploymentPostprocessing = 0;
			shellPath = /bin/sh;
			shellScript = "\"${PODS_ROOT}/Target Support Files/Pods-url session/Pods-url session-frameworks.sh\"\n";
			showEnvVarsInLog = 0;
		};
/* End PBXShellScriptBuildPhase section */

/* Begin PBXSourcesBuildPhase section */
		EEBCA4E42A0CC2F300CE86E3 /* Sources */ = {
			isa = PBXSourcesBuildPhase;
			buildActionMask = 2147483647;
			files = (
				EE1D5B9C2A1113BB00EDB3BB /* Database.swift in Sources */,
				EEBCA4F02A0CC2F300CE86E3 /* ViewController.swift in Sources */,
				EEAD7F402A11B31B008A4038 /* AddViewController.swift in Sources */,
				EEBCA5002A0CD47800CE86E3 /* Employee.swift in Sources */,
				EEAD7F3E2A118972008A4038 /* EmployeeModel.xcdatamodeld in Sources */,
				EEBCA4EC2A0CC2F300CE86E3 /* AppDelegate.swift in Sources */,
				EEBCA4EE2A0CC2F300CE86E3 /* SceneDelegate.swift in Sources */,
				EEBCA5022A0CD63E00CE86E3 /* DetailsViewController.swift in Sources */,
				EEAD7F422A11B39E008A4038 /* EmployeeDelegate.swift in Sources */,
			);
			runOnlyForDeploymentPostprocessing = 0;
		};
/* End PBXSourcesBuildPhase section */

/* Begin PBXVariantGroup section */
		EEBCA4F12A0CC2F300CE86E3 /* Main.storyboard */ = {
			isa = PBXVariantGroup;
			children = (
				EEBCA4F22A0CC2F300CE86E3 /* Base */,
				EED1F4252A14BD8800ECE846 /* ar */,
			);
			name = Main.storyboard;
			sourceTree = "<group>";
		};
		EEBCA4F62A0CC2F500CE86E3 /* LaunchScreen.storyboard */ = {
			isa = PBXVariantGroup;
			children = (
				EEBCA4F72A0CC2F500CE86E3 /* Base */,
				EED1F4262A14BD8800ECE846 /* ar */,
			);
			name = LaunchScreen.storyboard;
			sourceTree = "<group>";
		};
		EED1F4242A14BD6000ECE846 /* Localizable.strings */ = {
			isa = PBXVariantGroup;
			children = (
				EED1F4272A14BD8800ECE846 /* ar */,
				EED1F4282A14C91D00ECE846 /* en */,
			);
			name = Localizable.strings;
			sourceTree = "<group>";
		};
/* End PBXVariantGroup section */

/* Begin XCBuildConfiguration section */
		EEBCA4FA2A0CC2F500CE86E3 /* Debug */ = {
			isa = XCBuildConfiguration;
			buildSettings = {
				ALWAYS_SEARCH_USER_PATHS = NO;
				CLANG_ANALYZER_LOCALIZABILITY_NONLOCALIZED = YES;
				CLANG_ANALYZER_NONNULL = YES;
				CLANG_ANALYZER_NUMBER_OBJECT_CONVERSION = YES_AGGRESSIVE;
				CLANG_CXX_LANGUAGE_STANDARD = "gnu++20";
				CLANG_ENABLE_MODULES = YES;
				CLANG_ENABLE_OBJC_ARC = YES;
				CLANG_ENABLE_OBJC_WEAK = YES;
				CLANG_WARN_BLOCK_CAPTURE_AUTORELEASING = YES;
				CLANG_WARN_BOOL_CONVERSION = YES;
				CLANG_WARN_COMMA = YES;
				CLANG_WARN_CONSTANT_CONVERSION = YES;
				CLANG_WARN_DEPRECATED_OBJC_IMPLEMENTATIONS = YES;
				CLANG_WARN_DIRECT_OBJC_ISA_USAGE = YES_ERROR;
				CLANG_WARN_DOCUMENTATION_COMMENTS = YES;
				CLANG_WARN_EMPTY_BODY = YES;
				CLANG_WARN_ENUM_CONVERSION = YES;
				CLANG_WARN_INFINITE_RECURSION = YES;
				CLANG_WARN_INT_CONVERSION = YES;
				CLANG_WARN_NON_LITERAL_NULL_CONVERSION = YES;
				CLANG_WARN_OBJC_IMPLICIT_RETAIN_SELF = YES;
				CLANG_WARN_OBJC_LITERAL_CONVERSION = YES;
				CLANG_WARN_OBJC_ROOT_CLASS = YES_ERROR;
				CLANG_WARN_QUOTED_INCLUDE_IN_FRAMEWORK_HEADER = YES;
				CLANG_WARN_RANGE_LOOP_ANALYSIS = YES;
				CLANG_WARN_STRICT_PROTOTYPES = YES;
				CLANG_WARN_SUSPICIOUS_MOVE = YES;
				CLANG_WARN_UNGUARDED_AVAILABILITY = YES_AGGRESSIVE;
				CLANG_WARN_UNREACHABLE_CODE = YES;
				CLANG_WARN__DUPLICATE_METHOD_MATCH = YES;
				COPY_PHASE_STRIP = NO;
				DEBUG_INFORMATION_FORMAT = dwarf;
				ENABLE_STRICT_OBJC_MSGSEND = YES;
				ENABLE_TESTABILITY = YES;
				GCC_C_LANGUAGE_STANDARD = gnu11;
				GCC_DYNAMIC_NO_PIC = NO;
				GCC_NO_COMMON_BLOCKS = YES;
				GCC_OPTIMIZATION_LEVEL = 0;
				GCC_PREPROCESSOR_DEFINITIONS = (
					"DEBUG=1",
					"$(inherited)",
				);
				GCC_WARN_64_TO_32_BIT_CONVERSION = YES;
				GCC_WARN_ABOUT_RETURN_TYPE = YES_ERROR;
				GCC_WARN_UNDECLARED_SELECTOR = YES;
				GCC_WARN_UNINITIALIZED_AUTOS = YES_AGGRESSIVE;
				GCC_WARN_UNUSED_FUNCTION = YES;
				GCC_WARN_UNUSED_VARIABLE = YES;
				IPHONEOS_DEPLOYMENT_TARGET = 16.4;
				MTL_ENABLE_DEBUG_INFO = INCLUDE_SOURCE;
				MTL_FAST_MATH = YES;
				ONLY_ACTIVE_ARCH = YES;
				SDKROOT = iphoneos;
				SWIFT_ACTIVE_COMPILATION_CONDITIONS = DEBUG;
				SWIFT_OPTIMIZATION_LEVEL = "-Onone";
			};
			name = Debug;
		};
		EEBCA4FB2A0CC2F500CE86E3 /* Release */ = {
			isa = XCBuildConfiguration;
			buildSettings = {
				ALWAYS_SEARCH_USER_PATHS = NO;
				CLANG_ANALYZER_LOCALIZABILITY_NONLOCALIZED = YES;
				CLANG_ANALYZER_NONNULL = YES;
				CLANG_ANALYZER_NUMBER_OBJECT_CONVERSION = YES_AGGRESSIVE;
				CLANG_CXX_LANGUAGE_STANDARD = "gnu++20";
				CLANG_ENABLE_MODULES = YES;
				CLANG_ENABLE_OBJC_ARC = YES;
				CLANG_ENABLE_OBJC_WEAK = YES;
				CLANG_WARN_BLOCK_CAPTURE_AUTORELEASING = YES;
				CLANG_WARN_BOOL_CONVERSION = YES;
				CLANG_WARN_COMMA = YES;
				CLANG_WARN_CONSTANT_CONVERSION = YES;
				CLANG_WARN_DEPRECATED_OBJC_IMPLEMENTATIONS = YES;
				CLANG_WARN_DIRECT_OBJC_ISA_USAGE = YES_ERROR;
				CLANG_WARN_DOCUMENTATION_COMMENTS = YES;
				CLANG_WARN_EMPTY_BODY = YES;
				CLANG_WARN_ENUM_CONVERSION = YES;
				CLANG_WARN_INFINITE_RECURSION = YES;
				CLANG_WARN_INT_CONVERSION = YES;
				CLANG_WARN_NON_LITERAL_NULL_CONVERSION = YES;
				CLANG_WARN_OBJC_IMPLICIT_RETAIN_SELF = YES;
				CLANG_WARN_OBJC_LITERAL_CONVERSION = YES;
				CLANG_WARN_OBJC_ROOT_CLASS = YES_ERROR;
				CLANG_WARN_QUOTED_INCLUDE_IN_FRAMEWORK_HEADER = YES;
				CLANG_WARN_RANGE_LOOP_ANALYSIS = YES;
				CLANG_WARN_STRICT_PROTOTYPES = YES;
				CLANG_WARN_SUSPICIOUS_MOVE = YES;
				CLANG_WARN_UNGUARDED_AVAILABILITY = YES_AGGRESSIVE;
				CLANG_WARN_UNREACHABLE_CODE = YES;
				CLANG_WARN__DUPLICATE_METHOD_MATCH = YES;
				COPY_PHASE_STRIP = NO;
				DEBUG_INFORMATION_FORMAT = "dwarf-with-dsym";
				ENABLE_NS_ASSERTIONS = NO;
				ENABLE_STRICT_OBJC_MSGSEND = YES;
				GCC_C_LANGUAGE_STANDARD = gnu11;
				GCC_NO_COMMON_BLOCKS = YES;
				GCC_WARN_64_TO_32_BIT_CONVERSION = YES;
				GCC_WARN_ABOUT_RETURN_TYPE = YES_ERROR;
				GCC_WARN_UNDECLARED_SELECTOR = YES;
				GCC_WARN_UNINITIALIZED_AUTOS = YES_AGGRESSIVE;
				GCC_WARN_UNUSED_FUNCTION = YES;
				GCC_WARN_UNUSED_VARIABLE = YES;
				IPHONEOS_DEPLOYMENT_TARGET = 16.4;
				MTL_ENABLE_DEBUG_INFO = NO;
				MTL_FAST_MATH = YES;
				SDKROOT = iphoneos;
				SWIFT_COMPILATION_MODE = wholemodule;
				SWIFT_OPTIMIZATION_LEVEL = "-O";
				VALIDATE_PRODUCT = YES;
			};
			name = Release;
		};
		EEBCA4FD2A0CC2F500CE86E3 /* Debug */ = {
			isa = XCBuildConfiguration;
			baseConfigurationReference = 8AE12399DF965B1F74AAAA34 /* Pods-url session.debug.xcconfig */;
			buildSettings = {
				ASSETCATALOG_COMPILER_APPICON_NAME = AppIcon;
				ASSETCATALOG_COMPILER_GLOBAL_ACCENT_COLOR_NAME = AccentColor;
				CODE_SIGN_STYLE = Automatic;
				CURRENT_PROJECT_VERSION = 1;
				DEVELOPMENT_TEAM = TP9ZKG3YTF;
				GENERATE_INFOPLIST_FILE = YES;
				INFOPLIST_FILE = "url session/Info.plist";
				INFOPLIST_KEY_UIApplicationSupportsIndirectInputEvents = YES;
				INFOPLIST_KEY_UILaunchStoryboardName = LaunchScreen;
				INFOPLIST_KEY_UIMainStoryboardFile = Main;
				INFOPLIST_KEY_UISupportedInterfaceOrientations_iPad = "UIInterfaceOrientationPortrait UIInterfaceOrientationPortraitUpsideDown UIInterfaceOrientationLandscapeLeft UIInterfaceOrientationLandscapeRight";
				INFOPLIST_KEY_UISupportedInterfaceOrientations_iPhone = "UIInterfaceOrientationPortrait UIInterfaceOrientationLandscapeLeft UIInterfaceOrientationLandscapeRight";
				LD_RUNPATH_SEARCH_PATHS = (
					"$(inherited)",
					"@executable_path/Frameworks",
				);
				MARKETING_VERSION = 1.0;
				PRODUCT_BUNDLE_IDENTIFIER = "com.example.android.url-session";
				PRODUCT_NAME = "$(TARGET_NAME)";
				SWIFT_EMIT_LOC_STRINGS = YES;
				SWIFT_VERSION = 5.0;
				TARGETED_DEVICE_FAMILY = "1,2";
			};
			name = Debug;
		};
		EEBCA4FE2A0CC2F500CE86E3 /* Release */ = {
			isa = XCBuildConfiguration;
			baseConfigurationReference = 317DC032F6CE2323BBE4E32E /* Pods-url session.release.xcconfig */;
			buildSettings = {
				ASSETCATALOG_COMPILER_APPICON_NAME = AppIcon;
				ASSETCATALOG_COMPILER_GLOBAL_ACCENT_COLOR_NAME = AccentColor;
				CODE_SIGN_STYLE = Automatic;
				CURRENT_PROJECT_VERSION = 1;
				DEVELOPMENT_TEAM = TP9ZKG3YTF;
				GENERATE_INFOPLIST_FILE = YES;
				INFOPLIST_FILE = "url session/Info.plist";
				INFOPLIST_KEY_UIApplicationSupportsIndirectInputEvents = YES;
				INFOPLIST_KEY_UILaunchStoryboardName = LaunchScreen;
				INFOPLIST_KEY_UIMainStoryboardFile = Main;
				INFOPLIST_KEY_UISupportedInterfaceOrientations_iPad = "UIInterfaceOrientationPortrait UIInterfaceOrientationPortraitUpsideDown UIInterfaceOrientationLandscapeLeft UIInterfaceOrientationLandscapeRight";
				INFOPLIST_KEY_UISupportedInterfaceOrientations_iPhone = "UIInterfaceOrientationPortrait UIInterfaceOrientationLandscapeLeft UIInterfaceOrientationLandscapeRight";
				LD_RUNPATH_SEARCH_PATHS = (
					"$(inherited)",
					"@executable_path/Frameworks",
				);
				MARKETING_VERSION = 1.0;
				PRODUCT_BUNDLE_IDENTIFIER = "com.example.android.url-session";
				PRODUCT_NAME = "$(TARGET_NAME)";
				SWIFT_EMIT_LOC_STRINGS = YES;
				SWIFT_VERSION = 5.0;
				TARGETED_DEVICE_FAMILY = "1,2";
			};
			name = Release;
		};
/* End XCBuildConfiguration section */

/* Begin XCConfigurationList section */
		EEBCA4E32A0CC2F200CE86E3 /* Build configuration list for PBXProject "url session" */ = {
			isa = XCConfigurationList;
			buildConfigurations = (
				EEBCA4FA2A0CC2F500CE86E3 /* Debug */,
				EEBCA4FB2A0CC2F500CE86E3 /* Release */,
			);
			defaultConfigurationIsVisible = 0;
			defaultConfigurationName = Release;
		};
		EEBCA4FC2A0CC2F500CE86E3 /* Build configuration list for PBXNativeTarget "url session" */ = {
			isa = XCConfigurationList;
			buildConfigurations = (
				EEBCA4FD2A0CC2F500CE86E3 /* Debug */,
				EEBCA4FE2A0CC2F500CE86E3 /* Release */,
			);
			defaultConfigurationIsVisible = 0;
			defaultConfigurationName = Release;
		};
/* End XCConfigurationList section */

/* Begin XCVersionGroup section */
		EEAD7F3C2A118972008A4038 /* EmployeeModel.xcdatamodeld */ = {
			isa = XCVersionGroup;
			children = (
				EEAD7F3D2A118972008A4038 /* EmployeeModel.xcdatamodel */,
			);
			currentVersion = EEAD7F3D2A118972008A4038 /* EmployeeModel.xcdatamodel */;
			path = EmployeeModel.xcdatamodeld;
			sourceTree = "<group>";
			versionGroupType = wrapper.xcdatamodel;
		};
/* End XCVersionGroup section */
	};
	rootObject = EEBCA4E02A0CC2F200CE86E3 /* Project object */;
}
